
Microsoft Visual Studio Solution File, Format Version 12.00
# Visual Studio Version 17
VisualStudioVersion = 17.11.35222.181
MinimumVisualStudioVersion = 10.0.40219.1
Project("{FAE04EC0-301F-11D3-BF4B-00C04F79EFBC}") = "NotesAPI", "NotesAPI\NotesAPI.csproj", "{827D26C4-13CB-406F-B501-BA61449C3318}"
EndProject
Project("{FAE04EC0-301F-11D3-BF4B-00C04F79EFBC}") = "NotesEntities", "NotesEntities\NotesEntities.csproj", "{C41C3724-C376-4B4F-BFD2-0FADCBCF880A}"
EndProject
Project("{FAE04EC0-301F-11D3-BF4B-00C04F79EFBC}") = "NoteDataAccess", "NoteDataAccess\NoteDataAccess.csproj", "{E525B743-79C7-46C0-9F64-931854B0F881}"
EndProject
Global
	GlobalSection(SolutionConfigurationPlatforms) = preSolution
		Debug|Any CPU = Debug|Any CPU
		Release|Any CPU = Release|Any CPU
	EndGlobalSection
	GlobalSection(ProjectConfigurationPlatforms) = postSolution
		{827D26C4-13CB-406F-B501-BA61449C3318}.Debug|Any CPU.ActiveCfg = Debug|Any CPU
		{827D26C4-13CB-406F-B501-BA61449C3318}.Debug|Any CPU.Build.0 = Debug|Any CPU
		{827D26C4-13CB-406F-B501-BA61449C3318}.Release|Any CPU.ActiveCfg = Release|Any CPU
		{827D26C4-13CB-406F-B501-BA61449C3318}.Release|Any CPU.Build.0 = Release|Any CPU
		{C41C3724-C376-4B4F-BFD2-0FADCBCF880A}.Debug|Any CPU.ActiveCfg = Debug|Any CPU
		{C41C3724-C376-4B4F-BFD2-0FADCBCF880A}.Debug|Any CPU.Build.0 = Debug|Any CPU
		{C41C3724-C376-4B4F-BFD2-0FADCBCF880A}.Release|Any CPU.ActiveCfg = Release|Any CPU
		{C41C3724-C376-4B4F-BFD2-0FADCBCF880A}.Release|Any CPU.Build.0 = Release|Any CPU
		{E525B743-79C7-46C0-9F64-931854B0F881}.Debug|Any CPU.ActiveCfg = Debug|Any CPU
		{E525B743-79C7-46C0-9F64-931854B0F881}.Debug|Any CPU.Build.0 = Debug|Any CPU
		{E525B743-79C7-46C0-9F64-931854B0F881}.Release|Any CPU.ActiveCfg = Release|Any CPU
		{E525B743-79C7-46C0-9F64-931854B0F881}.Release|Any CPU.Build.0 = Release|Any CPU
	EndGlobalSection
	GlobalSection(SolutionProperties) = preSolution
		HideSolutionNode = FALSE
	EndGlobalSection
	GlobalSection(ExtensibilityGlobals) = postSolution
		SolutionGuid = {85D0A11A-2F8B-455B-8D6B-CDB95CC04BC7}
	EndGlobalSection
EndGlobal
